{
  "originHash" : "8312467b7f823a7559097e853265267f1149dfb96b8c2cde128e4d062cd9eb42",
  "pins" : [
    {
      "identity" : "fluidaudio",
      "kind" : "remoteSourceControl",
      "location" : "https://github.com/FluidInference/FluidAudio.git",
      "state" : {
        "branch" : "main",
        "revision" : "4ef33f0b64837c2943e8cd0f66940d5861176d6a"
      }
    },
    {
      "identity" : "kokoro-ios",
      "kind" : "remoteSourceControl",
      "location" : "https://github.com/mlalma/kokoro-ios.git",
      "state" : {
        "revision" : "4d6d1d8ff8cd012014180c9cd4cf0151e7682354",
        "version" : "1.0.11"
      }
    },
    {
      "identity" : "mac-automation",
      "kind" : "remoteSourceControl",
      "location" : "https://github.com/joceqo/mac-automation.git",
      "state" : {
        "branch" : "main",
        "revision" : "d5cc2a82591ceaca01181e7055bda598d0052812"
      }
    },
    {
      "identity" : "misakiswift",
      "kind" : "remoteSourceControl",
      "location" : "https://github.com/mlalma/MisakiSwift",
      "state" : {
        "revision" : "6835a1ce4a8854075c89f18ff75c74b13ef58e15",
        "version" : "1.0.6"
      }
    },
    {
      "identity" : "mlx-swift",
      "kind" : "remoteSourceControl",
      "location" : "https://github.com/ml-explore/mlx-swift",
      "state" : {
        "revision" : "f58bd2c2b3b84316da69182f436db4219aff30b9",
        "version" : "0.30.2"
      }
    },
    {
      "identity" : "mlxutilslibrary",
      "kind" : "remoteSourceControl",
      "location" : "https://github.com/mlalma/MLXUtilsLibrary.git",
      "state" : {
        "revision" : "41f6cfd5d68b65aa3c65a34efe3b71c371ed915b",
        "version" : "0.0.6"
      }
    },
    {
      "identity" : "onnxruntime-swift-package-manager",
      "kind" : "remoteSourceControl",
      "location" : "https://github.com/microsoft/onnxruntime-swift-package-manager.git",
      "state" : {
        "revision" : "b7fb7f7dea8a2469e6335d95a61b8f36d0dc83b2",
        "version" : "1.24.2"
      }
    },
    {
      "identity" : "plcrashreporter",
      "kind" : "remoteSourceControl",
      "location" : "https://github.com/microsoft/plcrashreporter.git",
      "state" : {
        "revision" : "0254f941c646b1ed17b243654723d0f071e990d0",
        "version" : "1.12.2"
      }
    },
    {
      "identity" : "posthog-ios",
      "kind" : "remoteSourceControl",
      "location" : "https://github.com/PostHog/posthog-ios.git",
      "state" : {
        "revision" : "19d0df316c68ff2e806eaa73563e7fb79788f978",
        "version" : "3.50.0"
      }
    },
    {
      "identity" : "sparkle",
      "kind" : "remoteSourceControl",
      "location" : "https://github.com/sparkle-project/Sparkle",
      "state" : {
        "revision" : "066e75a8b3e99962685d6a90cdd5293ebffd9261",
        "version" : "2.9.1"
      }
    },
    {
      "identity" : "swift-numerics",
      "kind" : "remoteSourceControl",
      "location" : "https://github.com/apple/swift-numerics",
      "state" : {
        "revision" : "0c0290ff6b24942dadb83a929ffaaa1481df04a2",
        "version" : "1.1.1"
      }
    },
    {
      "identity" : "zipfoundation",
      "kind" : "remoteSourceControl",
      "location" : "https://github.com/weichsel/ZIPFoundation.git",
      "state" : {
        "revision" : "22787ffb59de99e5dc1fbfe80b19c97a904ad48d",
        "version" : "0.9.20"
      }
    }
  ],
  "version" : 3
}
