{
  "originHash" : "60242893ffe6ba88ab42024db09b777fa864568286fa0362f480b2d6b9ef09f8",
  "pins" : [
    {
      "identity" : "fluidaudio",
      "kind" : "remoteSourceControl",
      "location" : "https://github.com/FluidInference/FluidAudio.git",
      "state" : {
        "branch" : "main",
        "revision" : "4ef33f0b64837c2943e8cd0f66940d5861176d6a"
      }
    },
    {
      "identity" : "mac-automation",
      "kind" : "remoteSourceControl",
      "location" : "https://github.com/joceqo/mac-automation.git",
      "state" : {
        "branch" : "main",
        "revision" : "d5cc2a82591ceaca01181e7055bda598d0052812"
      }
    },
    {
      "identity" : "onnxruntime-swift-package-manager",
      "kind" : "remoteSourceControl",
      "location" : "https://github.com/microsoft/onnxruntime-swift-package-manager.git",
      "state" : {
        "revision" : "b7fb7f7dea8a2469e6335d95a61b8f36d0dc83b2",
        "version" : "1.24.2"
      }
    },
    {
      "identity" : "plcrashreporter",
      "kind" : "remoteSourceControl",
      "location" : "https://github.com/microsoft/plcrashreporter.git",
      "state" : {
        "revision" : "0254f941c646b1ed17b243654723d0f071e990d0",
        "version" : "1.12.2"
      }
    },
    {
      "identity" : "posthog-ios",
      "kind" : "remoteSourceControl",
      "location" : "https://github.com/PostHog/posthog-ios.git",
      "state" : {
        "revision" : "19d0df316c68ff2e806eaa73563e7fb79788f978",
        "version" : "3.50.0"
      }
    },
    {
      "identity" : "sparkle",
      "kind" : "remoteSourceControl",
      "location" : "https://github.com/sparkle-project/Sparkle",
      "state" : {
        "revision" : "066e75a8b3e99962685d6a90cdd5293ebffd9261",
        "version" : "2.9.1"
      }
    },
    {
      "identity" : "swift-grab",
      "kind" : "remoteSourceControl",
      "location" : "https://github.com/joceqo/swift-grab",
      "state" : {
        "branch" : "main",
        "revision" : "d0603a3d70e8fe3d2ecd99b1ba76810fb7592eb0"
      }
    }
  ],
  "version" : 3
}
